<?xml version="1.0" encoding="utf-8"?>
<Project ToolsVersion="4.0" xmlns="http://schemas.microsoft.com/developer/msbuild/2003">
  <ItemGroup>
    <Filter Include="Source Files">
      <UniqueIdentifier>{4FC737F1-C7A5-4376-A066-2A32D752A2FF}</UniqueIdentifier>
      <Extensions>cpp;c;cc;cxx;def;odl;idl;hpj;bat;asm;asmx</Extensions>
    </Filter>
    <Filter Include="Header Files">
      <UniqueIdentifier>{93995380-89BD-4b04-88EB-625FBE52EBFB}</UniqueIdentifier>
      <Extensions>h;hh;hpp;hxx;hm;inl;inc;xsd</Extensions>
    </Filter>
    <Filter Include="Resource Files">
      <UniqueIdentifier>{67DA6AB6-F800-4c08-8B7A-83BB121AAD01}</UniqueIdentifier>
      <Extensions>rc;ico;cur;bmp;dlg;rc2;rct;bin;rgs;gif;jpg;jpeg;jpe;resx;tiff;tif;png;wav;mfcribbon-ms</Extensions>
    </Filter>
    <Filter Include="Header Files\Core">
      <UniqueIdentifier>{59ddf933-5a2f-475b-b175-e918502fa143}</UniqueIdentifier>
    </Filter>
    <Filter Include="Header Files\Core\Main">
      <UniqueIdentifier>{13b5576f-1bd1-431d-adf0-e81b8db1dff2}</UniqueIdentifier>
    </Filter>
    <Filter Include="Header Files\Defines">
      <UniqueIdentifier>{c1b88e15-a326-4ae7-87b0-42e11d550f1b}</UniqueIdentifier>
    </Filter>
    <Filter Include="Header Files\Core\Systems">
      <UniqueIdentifier>{b31a5c08-20fb-4f24-b535-104aa4af2cf5}</UniqueIdentifier>
    </Filter>
    <Filter Include="Header Files\SceneGraph">
      <UniqueIdentifier>{cdac9890-0275-4cec-b061-9441f3ae1a84}</UniqueIdentifier>
    </Filter>
    <Filter Include="Header Files\SceneGraph\Base">
      <UniqueIdentifier>{34ea89a5-e905-43ec-b75a-f50f5032d8e0}</UniqueIdentifier>
    </Filter>
    <Filter Include="Header Files\Defines\Context">
      <UniqueIdentifier>{309b4e89-9aaa-4073-a5c5-ea64305bafaa}</UniqueIdentifier>
    </Filter>
    <Filter Include="Header Files\Core\Systems\Base">
      <UniqueIdentifier>{7ad08c6f-7c4a-45de-81e5-bb68edd959ea}</UniqueIdentifier>
    </Filter>
    <Filter Include="Header Files\Math">
      <UniqueIdentifier>{8ae2a2fe-90d2-4f44-a0c6-6acbd2453ae2}</UniqueIdentifier>
    </Filter>
    <Filter Include="Header Files\Core\Systems\Game">
      <UniqueIdentifier>{257d47fa-bd40-4be0-bcfc-fffab648874c}</UniqueIdentifier>
    </Filter>
    <Filter Include="Header Files\Core\Systems\Window">
      <UniqueIdentifier>{a6c729c7-52a0-4273-9c81-d8eda85a7daa}</UniqueIdentifier>
    </Filter>
    <Filter Include="Header Files\Core\Systems\Graphics">
      <UniqueIdentifier>{595fd24b-a6a4-46c0-92e3-ac10aafe7a1f}</UniqueIdentifier>
    </Filter>
    <Filter Include="Header Files\Core\Systems\Graphics\Rendering">
      <UniqueIdentifier>{102414c4-19a0-46ac-8aa8-579cdf0a19ed}</UniqueIdentifier>
    </Filter>
    <Filter Include="Header Files\Core\Systems\Timer">
      <UniqueIdentifier>{75945fb6-4d97-4835-add6-dba29a2c922e}</UniqueIdentifier>
    </Filter>
  </ItemGroup>
  <ItemGroup>
    <ClCompile Include="WinMain.cpp">
      <Filter>Header Files\Core\Main</Filter>
    </ClCompile>
    <ClCompile Include="System.cpp">
      <Filter>Header Files\Core\Systems\Base</Filter>
    </ClCompile>
    <ClCompile Include="Engine.cpp">
      <Filter>Header Files\Core</Filter>
    </ClCompile>
    <ClCompile Include="UObject.cpp">
      <Filter>Header Files\SceneGraph\Base</Filter>
    </ClCompile>
    <ClCompile Include="Matrix2D.cpp">
      <Filter>Header Files\Math</Filter>
    </ClCompile>
    <ClCompile Include="Rect2D.cpp">
      <Filter>Header Files\Math</Filter>
    </ClCompile>
    <ClCompile Include="Vector2D.cpp">
      <Filter>Header Files\Math</Filter>
    </ClCompile>
    <ClCompile Include="Game.cpp">
      <Filter>Header Files\Core\Systems\Game</Filter>
    </ClCompile>
    <ClCompile Include="Graphics.cpp">
      <Filter>Header Files\Core\Systems\Graphics</Filter>
    </ClCompile>
    <ClCompile Include="Window.cpp">
      <Filter>Header Files\Core\Systems\Window</Filter>
    </ClCompile>
    <ClCompile Include="GraphicsDeviceManager.cpp">
      <Filter>Header Files\Core\Systems\Graphics</Filter>
    </ClCompile>
    <ClCompile Include="Renderer.cpp">
      <Filter>Header Files\Core\Systems\Graphics\Rendering</Filter>
    </ClCompile>
    <ClCompile Include="Timer.cpp">
      <Filter>Header Files\Core\Systems\Timer</Filter>
    </ClCompile>
    <ClCompile Include="EngineTimer.cpp">
      <Filter>Header Files\Core\Systems\Timer</Filter>
    </ClCompile>
  </ItemGroup>
  <ItemGroup>
    <ClInclude Include="WinMain.h">
      <Filter>Header Files\Core\Main</Filter>
    </ClInclude>
    <ClInclude Include="string.h">
      <Filter>Header Files\Defines</Filter>
    </ClInclude>
    <ClInclude Include="iostream.h">
      <Filter>Header Files\Defines</Filter>
    </ClInclude>
    <ClInclude Include="deletemacros.h">
      <Filter>Header Files\Defines</Filter>
    </ClInclude>
    <ClInclude Include="System.h">
      <Filter>Header Files\Core\Systems\Base</Filter>
    </ClInclude>
    <ClInclude Include="Engine.h">
      <Filter>Header Files\Core</Filter>
    </ClInclude>
    <ClInclude Include="UObject.h">
      <Filter>Header Files\SceneGraph\Base</Filter>
    </ClInclude>
    <ClInclude Include="context.h">
      <Filter>Header Files\Defines\Context</Filter>
    </ClInclude>
    <ClInclude Include="Matrix2D.h">
      <Filter>Header Files\Math</Filter>
    </ClInclude>
    <ClInclude Include="Rect2D.h">
      <Filter>Header Files\Math</Filter>
    </ClInclude>
    <ClInclude Include="Vector2D.h">
      <Filter>Header Files\Math</Filter>
    </ClInclude>
    <ClInclude Include="d2dutill.h">
      <Filter>Header Files\Defines</Filter>
    </ClInclude>
    <ClInclude Include="color.h">
      <Filter>Header Files\Defines</Filter>
    </ClInclude>
    <ClInclude Include="Game.h">
      <Filter>Header Files\Core\Systems\Game</Filter>
    </ClInclude>
    <ClInclude Include="Graphics.h">
      <Filter>Header Files\Core\Systems\Graphics</Filter>
    </ClInclude>
    <ClInclude Include="Window.h">
      <Filter>Header Files\Core\Systems\Window</Filter>
    </ClInclude>
    <ClInclude Include="GraphicsDeviceManager.h">
      <Filter>Header Files\Core\Systems\Graphics</Filter>
    </ClInclude>
    <ClInclude Include="Renderer.h">
      <Filter>Header Files\Core\Systems\Graphics\Rendering</Filter>
    </ClInclude>
    <ClInclude Include="Timer.h">
      <Filter>Header Files\Core\Systems\Timer</Filter>
    </ClInclude>
    <ClInclude Include="EngineTimer.h">
      <Filter>Header Files\Core\Systems\Timer</Filter>
    </ClInclude>
  </ItemGroup>
</Project>